
Microsoft Visual Studio Solution File, Format Version 12.00
# Visual Studio Version 17
VisualStudioVersion = 17.0.31903.59
MinimumVisualStudioVersion = 10.0.40219.1
Project("{2150E333-8FDC-42A3-9474-1A3956D46DE8}") = "src", "src", "{827E0CD3-B72D-47B6-A68D-7590B98EB39B}"
EndProject
Project("{FAE04EC0-301F-11D3-BF4B-00C04F79EFBC}") = "Calculator.Core", "src\Calculator.Core\Calculator.Core.csproj", "{C546E7B7-4B86-418F-9EB8-E4BD4B5EE2A3}"
EndProject
Project("{FAE04EC0-301F-11D3-BF4B-00C04F79EFBC}") = "Calculator.Api", "src\Calculator.Api\Calculator.Api.csproj", "{F7BC14AA-4648-4B3C-BA24-6C70D3687111}"
EndProject
Project("{2150E333-8FDC-42A3-9474-1A3956D46DE8}") = "tests", "tests", "{0AB3BF05-4346-4AA6-1389-037BE0695223}"
EndProject
Project("{FAE04EC0-301F-11D3-BF4B-00C04F79EFBC}") = "Calculator.Tests", "tests\Calculator.Tests\Calculator.Tests.csproj", "{BB8DAEB3-23AA-4EE5-919D-BC641F136F6B}"
EndProject
Global
	GlobalSection(SolutionConfigurationPlatforms) = preSolution
		Debug|Any CPU = Debug|Any CPU
		Debug|x64 = Debug|x64
		Debug|x86 = Debug|x86
		Release|Any CPU = Release|Any CPU
		Release|x64 = Release|x64
		Release|x86 = Release|x86
	EndGlobalSection
	GlobalSection(ProjectConfigurationPlatforms) = postSolution
		{C546E7B7-4B86-418F-9EB8-E4BD4B5EE2A3}.Debug|Any CPU.ActiveCfg = Debug|Any CPU
		{C546E7B7-4B86-418F-9EB8-E4BD4B5EE2A3}.Debug|Any CPU.Build.0 = Debug|Any CPU
		{C546E7B7-4B86-418F-9EB8-E4BD4B5EE2A3}.Debug|x64.ActiveCfg = Debug|Any CPU
		{C546E7B7-4B86-418F-9EB8-E4BD4B5EE2A3}.Debug|x64.Build.0 = Debug|Any CPU
		{C546E7B7-4B86-418F-9EB8-E4BD4B5EE2A3}.Debug|x86.ActiveCfg = Debug|Any CPU
		{C546E7B7-4B86-418F-9EB8-E4BD4B5EE2A3}.Debug|x86.Build.0 = Debug|Any CPU
		{C546E7B7-4B86-418F-9EB8-E4BD4B5EE2A3}.Release|Any CPU.ActiveCfg = Release|Any CPU
		{C546E7B7-4B86-418F-9EB8-E4BD4B5EE2A3}.Release|Any CPU.Build.0 = Release|Any CPU
		{C546E7B7-4B86-418F-9EB8-E4BD4B5EE2A3}.Release|x64.ActiveCfg = Release|Any CPU
		{C546E7B7-4B86-418F-9EB8-E4BD4B5EE2A3}.Release|x64.Build.0 = Release|Any CPU
		{C546E7B7-4B86-418F-9EB8-E4BD4B5EE2A3}.Release|x86.ActiveCfg = Release|Any CPU
		{C546E7B7-4B86-418F-9EB8-E4BD4B5EE2A3}.Release|x86.Build.0 = Release|Any CPU
		{F7BC14AA-4648-4B3C-BA24-6C70D3687111}.Debug|Any CPU.ActiveCfg = Debug|Any CPU
		{F7BC14AA-4648-4B3C-BA24-6C70D3687111}.Debug|Any CPU.Build.0 = Debug|Any CPU
		{F7BC14AA-4648-4B3C-BA24-6C70D3687111}.Debug|x64.ActiveCfg = Debug|Any CPU
		{F7BC14AA-4648-4B3C-BA24-6C70D3687111}.Debug|x64.Build.0 = Debug|Any CPU
		{F7BC14AA-4648-4B3C-BA24-6C70D3687111}.Debug|x86.ActiveCfg = Debug|Any CPU
		{F7BC14AA-4648-4B3C-BA24-6C70D3687111}.Debug|x86.Build.0 = Debug|Any CPU
		{F7BC14AA-4648-4B3C-BA24-6C70D3687111}.Release|Any CPU.ActiveCfg = Release|Any CPU
		{F7BC14AA-4648-4B3C-BA24-6C70D3687111}.Release|Any CPU.Build.0 = Release|Any CPU
		{F7BC14AA-4648-4B3C-BA24-6C70D3687111}.Release|x64.ActiveCfg = Release|Any CPU
		{F7BC14AA-4648-4B3C-BA24-6C70D3687111}.Release|x64.Build.0 = Release|Any CPU
		{F7BC14AA-4648-4B3C-BA24-6C70D3687111}.Release|x86.ActiveCfg = Release|Any CPU
		{F7BC14AA-4648-4B3C-BA24-6C70D3687111}.Release|x86.Build.0 = Release|Any CPU
		{BB8DAEB3-23AA-4EE5-919D-BC641F136F6B}.Debug|Any CPU.ActiveCfg = Debug|Any CPU
		{BB8DAEB3-23AA-4EE5-919D-BC641F136F6B}.Debug|Any CPU.Build.0 = Debug|Any CPU
		{BB8DAEB3-23AA-4EE5-919D-BC641F136F6B}.Debug|x64.ActiveCfg = Debug|Any CPU
		{BB8DAEB3-23AA-4EE5-919D-BC641F136F6B}.Debug|x64.Build.0 = Debug|Any CPU
		{BB8DAEB3-23AA-4EE5-919D-BC641F136F6B}.Debug|x86.ActiveCfg = Debug|Any CPU
		{BB8DAEB3-23AA-4EE5-919D-BC641F136F6B}.Debug|x86.Build.0 = Debug|Any CPU
		{BB8DAEB3-23AA-4EE5-919D-BC641F136F6B}.Release|Any CPU.ActiveCfg = Release|Any CPU
		{BB8DAEB3-23AA-4EE5-919D-BC641F136F6B}.Release|Any CPU.Build.0 = Release|Any CPU
		{BB8DAEB3-23AA-4EE5-919D-BC641F136F6B}.Release|x64.ActiveCfg = Release|Any CPU
		{BB8DAEB3-23AA-4EE5-919D-BC641F136F6B}.Release|x64.Build.0 = Release|Any CPU
		{BB8DAEB3-23AA-4EE5-919D-BC641F136F6B}.Release|x86.ActiveCfg = Release|Any CPU
		{BB8DAEB3-23AA-4EE5-919D-BC641F136F6B}.Release|x86.Build.0 = Release|Any CPU
	EndGlobalSection
	GlobalSection(SolutionProperties) = preSolution
		HideSolutionNode = FALSE
	EndGlobalSection
	GlobalSection(NestedProjects) = preSolution
		{C546E7B7-4B86-418F-9EB8-E4BD4B5EE2A3} = {827E0CD3-B72D-47B6-A68D-7590B98EB39B}
		{F7BC14AA-4648-4B3C-BA24-6C70D3687111} = {827E0CD3-B72D-47B6-A68D-7590B98EB39B}
		{BB8DAEB3-23AA-4EE5-919D-BC641F136F6B} = {0AB3BF05-4346-4AA6-1389-037BE0695223}
	EndGlobalSection
EndGlobal
